
Microsoft Visual Studio Solution File, Format Version 12.00
# Visual Studio Version 16
VisualStudioVersion = 16.0.31624.102
MinimumVisualStudioVersion = 10.0.40219.1
Project("{FAE04EC0-301F-11D3-BF4B-00C04F79EFBC}") = "restoran", "restoran\restoran.csproj", "{0DAC2C44-BA4C-46AF-8437-C15127E9654E}"
EndProject
Global
	GlobalSection(SolutionConfigurationPlatforms) = preSolution
		Debug|Any CPU = Debug|Any CPU
		Release|Any CPU = Release|Any CPU
	EndGlobalSection
	GlobalSection(ProjectConfigurationPlatforms) = postSolution
		{0DAC2C44-BA4C-46AF-8437-C15127E9654E}.Debug|Any CPU.ActiveCfg = Debug|Any CPU
		{0DAC2C44-BA4C-46AF-8437-C15127E9654E}.Debug|Any CPU.Build.0 = Debug|Any CPU
		{0DAC2C44-BA4C-46AF-8437-C15127E9654E}.Release|Any CPU.ActiveCfg = Release|Any CPU
		{0DAC2C44-BA4C-46AF-8437-C15127E9654E}.Release|Any CPU.Build.0 = Release|Any CPU
	EndGlobalSection
	GlobalSection(SolutionProperties) = preSolution
		HideSolutionNode = FALSE
	EndGlobalSection
	GlobalSection(ExtensibilityGlobals) = postSolution
		SolutionGuid = {E09AFD19-9276-4709-8660-F6E7ABCAB334}
	EndGlobalSection
EndGlobal
